
Microsoft Visual Studio Solution File, Format Version 12.00
# Visual Studio Version 17
VisualStudioVersion = 17.8.34330.188
MinimumVisualStudioVersion = 10.0.40219.1
Project("{FAE04EC0-301F-11D3-BF4B-00C04F79EFBC}") = "AmethystOS", "AmethystOS\AmethystOS.csproj", "{DF381A97-6125-44C8-8A4D-98F691DE7A50}"
EndProject
Global
	GlobalSection(SolutionConfigurationPlatforms) = preSolution
		Debug|Any CPU = Debug|Any CPU
		Release|Any CPU = Release|Any CPU
	EndGlobalSection
	GlobalSection(ProjectConfigurationPlatforms) = postSolution
		{DF381A97-6125-44C8-8A4D-98F691DE7A50}.Debug|Any CPU.ActiveCfg = Debug|Any CPU
		{DF381A97-6125-44C8-8A4D-98F691DE7A50}.Debug|Any CPU.Build.0 = Debug|Any CPU
		{DF381A97-6125-44C8-8A4D-98F691DE7A50}.Release|Any CPU.ActiveCfg = Release|Any CPU
		{DF381A97-6125-44C8-8A4D-98F691DE7A50}.Release|Any CPU.Build.0 = Release|Any CPU
	EndGlobalSection
	GlobalSection(SolutionProperties) = preSolution
		HideSolutionNode = FALSE
	EndGlobalSection
	GlobalSection(ExtensibilityGlobals) = postSolution
		SolutionGuid = {CE316E85-223D-44FB-9C02-9C7EDC607F8A}
	EndGlobalSection
EndGlobal
